
Microsoft Visual Studio Solution File, Format Version 12.00
# Visual Studio 2012
Project("{FAE04EC0-301F-11D3-BF4B-00C04F79EFBC}") = "NadoWatch", "NadoWatch\NadoWatch.csproj", "{58E04AE0-CC56-4D0C-8E5C-3F888CEAE501}"
EndProject
Global
	GlobalSection(SolutionConfigurationPlatforms) = preSolution
		Debug|iPhoneSimulator = Debug|iPhoneSimulator
		Release|iPhone = Release|iPhone
		Release|iPhoneSimulator = Release|iPhoneSimulator
		Debug|iPhone = Debug|iPhone
	EndGlobalSection
	GlobalSection(ProjectConfigurationPlatforms) = postSolution
		{58E04AE0-CC56-4D0C-8E5C-3F888CEAE501}.Debug|iPhoneSimulator.ActiveCfg = Debug|iPhoneSimulator
		{58E04AE0-CC56-4D0C-8E5C-3F888CEAE501}.Debug|iPhoneSimulator.Build.0 = Debug|iPhoneSimulator
		{58E04AE0-CC56-4D0C-8E5C-3F888CEAE501}.Release|iPhone.ActiveCfg = Release|iPhone
		{58E04AE0-CC56-4D0C-8E5C-3F888CEAE501}.Release|iPhone.Build.0 = Release|iPhone
		{58E04AE0-CC56-4D0C-8E5C-3F888CEAE501}.Release|iPhoneSimulator.ActiveCfg = Release|iPhoneSimulator
		{58E04AE0-CC56-4D0C-8E5C-3F888CEAE501}.Release|iPhoneSimulator.Build.0 = Release|iPhoneSimulator
		{58E04AE0-CC56-4D0C-8E5C-3F888CEAE501}.Debug|iPhone.ActiveCfg = Debug|iPhone
		{58E04AE0-CC56-4D0C-8E5C-3F888CEAE501}.Debug|iPhone.Build.0 = Debug|iPhone
	EndGlobalSection
EndGlobal
